{
  "name": "@nomeo/migrator-cli",
  "version": "0.1.0",
  "lockfileVersion": 3,
  "requires": true,
  "packages": {
    "": {
      "name": "@nomeo/migrator-cli",
      "version": "0.1.0",
      "dependencies": {
        "@clack/prompts": "^0.7.0",
        "@shopify/admin-api-client": "^1.0.5",
        "cac": "^6.7.14",
        "picocolors": "^1.1.0"
      },
      "bin": {
        "migrator": "bin/migrator.js"
      },
      "engines": {
        "node": ">=22"
      }
    },
    "node_modules/@clack/core": {
      "version": "0.3.5",
      "resolved": "https://registry.npmjs.org/@clack/core/-/core-0.3.5.tgz",
      "integrity": "sha512-5cfhQNH+1VQ2xLQlmzXMqUoiaH0lRBq9/CLW9lTyMbuKLC3+xEK01tHVvyut++mLOn5urSHmkm6I0Lg9MaJSTQ==",
      "license": "MIT",
      "dependencies": {
        "picocolors": "^1.0.0",
        "sisteransi": "^1.0.5"
      }
    },
    "node_modules/@clack/prompts": {
      "version": "0.7.0",
      "resolved": "https://registry.npmjs.org/@clack/prompts/-/prompts-0.7.0.tgz",
      "integrity": "sha512-0MhX9/B4iL6Re04jPrttDm+BsP8y6mS7byuv0BvXgdXhbV5PdlsHt55dvNsuBCPZ7xq1oTAOOuotR9NFbQyMSA==",
      "bundleDependencies": [
        "is-unicode-supported"
      ],
      "license": "MIT",
      "dependencies": {
        "@clack/core": "^0.3.3",
        "is-unicode-supported": "*",
        "picocolors": "^1.0.0",
        "sisteransi": "^1.0.5"
      }
    },
    "node_modules/@clack/prompts/node_modules/is-unicode-supported": {
      "version": "1.3.0",
      "inBundle": true,
      "license": "MIT",
      "engines": {
        "node": ">=12"
      },
      "funding": {
        "url": "https://github.com/sponsors/sindresorhus"
      }
    },
    "node_modules/@shopify/admin-api-client": {
      "version": "1.1.2",
      "resolved": "https://registry.npmjs.org/@shopify/admin-api-client/-/admin-api-client-1.1.2.tgz",
      "integrity": "sha512-sV5gS8x4kj0KLULlOJkoBzm+tu6tn+1PCK9a6inySv5qtzmf/JxDWtLgaW9vRXeXHo/Sl/p3mBWhY3//fKA8iw==",
      "license": "MIT",
      "dependencies": {
        "@shopify/graphql-client": "^1.4.2"
      }
    },
    "node_modules/@shopify/graphql-client": {
      "version": "1.4.2",
      "resolved": "https://registry.npmjs.org/@shopify/graphql-client/-/graphql-client-1.4.2.tgz",
      "integrity": "sha512-C/fEyx6BZmTGeJv0HSsduhfn5ZbkXk0nePkyo0+xXxorP1I+uvx9pobdFxTfiPnOrh+P6QiKzBgIviksnSo4YA==",
      "license": "MIT"
    },
    "node_modules/cac": {
      "version": "6.7.14",
      "resolved": "https://registry.npmjs.org/cac/-/cac-6.7.14.tgz",
      "integrity": "sha512-b6Ilus+c3RrdDk+JhLKUAQfzzgLEPy6wcXqS7f/xe1EETvsDP6GORG7SFuOs6cID5YkqchW/LXZbX5bc8j7ZcQ==",
      "license": "MIT",
      "engines": {
        "node": ">=8"
      }
    },
    "node_modules/picocolors": {
      "version": "1.1.1",
      "resolved": "https://registry.npmjs.org/picocolors/-/picocolors-1.1.1.tgz",
      "integrity": "sha512-xceH2snhtb5M9liqDsmEw56le376mTZkEX/jEb/RxNFyegNul7eNslCXP9FDj/Lcu0X8KEyMceP2ntpaHrDEVA==",
      "license": "ISC"
    },
    "node_modules/sisteransi": {
      "version": "1.0.5",
      "resolved": "https://registry.npmjs.org/sisteransi/-/sisteransi-1.0.5.tgz",
      "integrity": "sha512-bLGGlR1QxBcynn2d5YmDX4MGjlZvy2MRBDRNHLJ8VI6l6+9FUiyTFNJ0IveOSP0bcXgVDPRcfGqA0pjaqUpfVg==",
      "license": "MIT"
    }
  }
}
